
Microsoft Visual Studio Solution File, Format Version 12.00
# Visual Studio Version 16
VisualStudioVersion = 16.0.31129.286
MinimumVisualStudioVersion = 10.0.40219.1
Project("{9A19103F-16F7-4668-BE54-9A1E7A4F7556}") = "Systems", "Systems\Systems.csproj", "{31E42786-5D40-43BE-9DF1-F5774D7B2214}"
EndProject
Global
	GlobalSection(SolutionConfigurationPlatforms) = preSolution
		Debug|Any CPU = Debug|Any CPU
		Release|Any CPU = Release|Any CPU
	EndGlobalSection
	GlobalSection(ProjectConfigurationPlatforms) = postSolution
		{31E42786-5D40-43BE-9DF1-F5774D7B2214}.Debug|Any CPU.ActiveCfg = Debug|Any CPU
		{31E42786-5D40-43BE-9DF1-F5774D7B2214}.Debug|Any CPU.Build.0 = Debug|Any CPU
		{31E42786-5D40-43BE-9DF1-F5774D7B2214}.Release|Any CPU.ActiveCfg = Release|Any CPU
		{31E42786-5D40-43BE-9DF1-F5774D7B2214}.Release|Any CPU.Build.0 = Release|Any CPU
	EndGlobalSection
	GlobalSection(SolutionProperties) = preSolution
		HideSolutionNode = FALSE
	EndGlobalSection
	GlobalSection(ExtensibilityGlobals) = postSolution
		SolutionGuid = {0B543757-3556-44EC-A1BC-544E7908212B}
	EndGlobalSection
EndGlobal
